{
  "requires": true,
  "lockfileVersion": 1,
  "dependencies": {
    "tslint-config-prettier": {
      "version": "1.16.0",
      "resolved": "https://registry.npmjs.org/tslint-config-prettier/-/tslint-config-prettier-1.16.0.tgz",
      "integrity": "sha512-zu6RAcpBtqdvhT6KpBh9kRPYATjOf9BnRi718kNqVKFjEgSE4rFrPprFju1YJrkOa3RbtbWI1ZSuLd2NBX1MDw==",
      "dev": true
    }
  }
}
