{
  "requires": true,
  "lockfileVersion": 1,
  "dependencies": {
    "collections": {
      "version": "5.1.5",
      "resolved": "https://registry.npmjs.org/collections/-/collections-5.1.5.tgz",
      "integrity": "sha1-VbkAeZMG1PvRw1h7H0AL99tXLXc=",
      "requires": {
        "weak-map": "~1.0.x"
      }
    },
    "tslint-config-prettier": {
      "version": "1.16.0",
      "resolved": "https://registry.npmjs.org/tslint-config-prettier/-/tslint-config-prettier-1.16.0.tgz",
      "integrity": "sha512-zu6RAcpBtqdvhT6KpBh9kRPYATjOf9BnRi718kNqVKFjEgSE4rFrPprFju1YJrkOa3RbtbWI1ZSuLd2NBX1MDw=="
    },
    "weak-map": {
      "version": "1.0.5",
      "resolved": "https://registry.npmjs.org/weak-map/-/weak-map-1.0.5.tgz",
      "integrity": "sha1-eWkVhNmGB/UHC9O3CkDmuyLkAes="
    }
  }
}
